
Microsoft Visual Studio Solution File, Format Version 12.00
# Visual Studio Version 16
VisualStudioVersion = 16.0.32802.440
MinimumVisualStudioVersion = 10.0.40219.1
Project("{FAE04EC0-301F-11D3-BF4B-00C04F79EFBC}") = "STM32F767_USB_CDC_Bulk", "STM32F767_USB_CDC_Bulk\STM32F767_USB_CDC_Bulk.csproj", "{A7649684-8344-49A0-BD01-43A8F05FBB64}"
EndProject
Global
	GlobalSection(SolutionConfigurationPlatforms) = preSolution
		Debug|Any CPU = Debug|Any CPU
		Release|Any CPU = Release|Any CPU
	EndGlobalSection
	GlobalSection(ProjectConfigurationPlatforms) = postSolution
		{A7649684-8344-49A0-BD01-43A8F05FBB64}.Debug|Any CPU.ActiveCfg = Debug|Any CPU
		{A7649684-8344-49A0-BD01-43A8F05FBB64}.Debug|Any CPU.Build.0 = Debug|Any CPU
		{A7649684-8344-49A0-BD01-43A8F05FBB64}.Release|Any CPU.ActiveCfg = Release|Any CPU
		{A7649684-8344-49A0-BD01-43A8F05FBB64}.Release|Any CPU.Build.0 = Release|Any CPU
	EndGlobalSection
	GlobalSection(SolutionProperties) = preSolution
		HideSolutionNode = FALSE
	EndGlobalSection
	GlobalSection(ExtensibilityGlobals) = postSolution
		SolutionGuid = {F198FBAC-6A6F-4F3F-A377-1C6EC96DE62A}
	EndGlobalSection
EndGlobal
